{
  "name": "Fiba_Fintern",
  "version": "1.0.0",
  "lockfileVersion": 2,
  "requires": true,
  "packages": {
    "": {
      "name": "Fiba_Fintern",
      "version": "1.0.0",
      "license": "ISC",
      "dependencies": {
        "date-and-time": "^2.1.1"
      }
    },
    "node_modules/date-and-time": {
      "version": "2.1.1",
      "resolved": "https://registry.npmjs.org/date-and-time/-/date-and-time-2.1.1.tgz",
      "integrity": "sha512-70O+o1I79HiYkYiqbY6lTNtQurU2mbOh3hw3MXVXm1xS98nBklNCG6fH1S9OqLqYpEIm3o4OMnzNVys4+XykIA=="
    }
  },
  "dependencies": {
    "date-and-time": {
      "version": "2.1.1",
      "resolved": "https://registry.npmjs.org/date-and-time/-/date-and-time-2.1.1.tgz",
      "integrity": "sha512-70O+o1I79HiYkYiqbY6lTNtQurU2mbOh3hw3MXVXm1xS98nBklNCG6fH1S9OqLqYpEIm3o4OMnzNVys4+XykIA=="
    }
  }
}
